// !$*UTF8*$!
{
	archiveVersion = 1;
	classes = {
	};
	objectVersion = 50;
	objects = {

/* Begin PBXBuildFile section */
		93E4D84520EB6DBE0033EED3 /* AppDelegate.m in Sources */ = {isa = PBXBuildFile; fileRef = 93E4D84420EB6DBE0033EED3 /* AppDelegate.m */; };
		93E4D84820EB6DBE0033EED3 /* ViewController.m in Sources */ = {isa = PBXBuildFile; fileRef = 93E4D84720EB6DBE0033EED3 /* ViewController.m */; };
		93E4D84B20EB6DBE0033EED3 /* Main.storyboard in Resources */ = {isa = PBXBuildFile; fileRef = 93E4D84920EB6DBE0033EED3 /* Main.storyboard */; };
		93E4D84D20EB6DC10033EED3 /* Assets.xcassets in Resources */ = {isa = PBXBuildFile; fileRef = 93E4D84C20EB6DC10033EED3 /* Assets.xcassets */; };
		93E4D85020EB6DC10033EED3 /* LaunchScreen.storyboard in Resources */ = {isa = PBXBuildFile; fileRef = 93E4D84E20EB6DC10033EED3 /* LaunchScreen.storyboard */; };
		93E4D85320EB6DC10033EED3 /* main.m in Sources */ = {isa = PBXBuildFile; fileRef = 93E4D85220EB6DC10033EED3 /* main.m */; };
		93E4D85D20EB6DC10033EED3 /* RunLoopTests.m in Sources */ = {isa = PBXBuildFile; fileRef = 93E4D85C20EB6DC10033EED3 /* RunLoopTests.m */; };
		93E4D86820EB6DC10033EED3 /* RunLoopUITests.m in Sources */ = {isa = PBXBuildFile; fileRef = 93E4D86720EB6DC10033EED3 /* RunLoopUITests.m */; };
		93E4D8B320EB7B110033EED3 /* AppDelegate.m in Sources */ = {isa = PBXBuildFile; fileRef = 93E4D8B220EB7B110033EED3 /* AppDelegate.m */; };
		93E4D8B620EB7B110033EED3 /* ViewController.m in Sources */ = {isa = PBXBuildFile; fileRef = 93E4D8B520EB7B110033EED3 /* ViewController.m */; };
		93E4D8B920EB7B110033EED3 /* Main.storyboard in Resources */ = {isa = PBXBuildFile; fileRef = 93E4D8B720EB7B110033EED3 /* Main.storyboard */; };
		93E4D8BB20EB7B130033EED3 /* Assets.xcassets in Resources */ = {isa = PBXBuildFile; fileRef = 93E4D8BA20EB7B130033EED3 /* Assets.xcassets */; };
		93E4D8BE20EB7B130033EED3 /* LaunchScreen.storyboard in Resources */ = {isa = PBXBuildFile; fileRef = 93E4D8BC20EB7B130033EED3 /* LaunchScreen.storyboard */; };
		93E4D8C120EB7B130033EED3 /* main.m in Sources */ = {isa = PBXBuildFile; fileRef = 93E4D8C020EB7B130033EED3 /* main.m */; };
		93E4D8CB20EB7B130033EED3 /* Demo1Tests.m in Sources */ = {isa = PBXBuildFile; fileRef = 93E4D8CA20EB7B130033EED3 /* Demo1Tests.m */; };
		93E4D8D620EB7B130033EED3 /* Demo1UITests.m in Sources */ = {isa = PBXBuildFile; fileRef = 93E4D8D520EB7B130033EED3 /* Demo1UITests.m */; };
		93E4D8E620EB7C550033EED3 /* CrashHandler.m in Sources */ = {isa = PBXBuildFile; fileRef = 93E4D8E420EB7C540033EED3 /* CrashHandler.m */; };
/* End PBXBuildFile section */

/* Begin PBXContainerItemProxy section */
		93E4D85920EB6DC10033EED3 /* PBXContainerItemProxy */ = {
			isa = PBXContainerItemProxy;
			containerPortal = 93E4D83820EB6DBE0033EED3 /* Project object */;
			proxyType = 1;
			remoteGlobalIDString = 93E4D83F20EB6DBE0033EED3;
			remoteInfo = RunLoop;
		};
		93E4D86420EB6DC10033EED3 /* PBXContainerItemProxy */ = {
			isa = PBXContainerItemProxy;
			containerPortal = 93E4D83820EB6DBE0033EED3 /* Project object */;
			proxyType = 1;
			remoteGlobalIDString = 93E4D83F20EB6DBE0033EED3;
			remoteInfo = RunLoop;
		};
		93E4D89120EB7AC50033EED3 /* PBXContainerItemProxy */ = {
			isa = PBXContainerItemProxy;
			containerPortal = 93E4D83820EB6DBE0033EED3 /* Project object */;
			proxyType = 1;
			remoteGlobalIDString = 93E4D87820EB7AC30033EED3;
			remoteInfo = "Demo1(crash)";
		};
		93E4D89C20EB7AC50033EED3 /* PBXContainerItemProxy */ = {
			isa = PBXContainerItemProxy;
			containerPortal = 93E4D83820EB6DBE0033EED3 /* Project object */;
			proxyType = 1;
			remoteGlobalIDString = 93E4D87820EB7AC30033EED3;
			remoteInfo = "Demo1(crash)";
		};
		93E4D8C720EB7B130033EED3 /* PBXContainerItemProxy */ = {
			isa = PBXContainerItemProxy;
			containerPortal = 93E4D83820EB6DBE0033EED3 /* Project object */;
			proxyType = 1;
			remoteGlobalIDString = 93E4D8AE20EB7B110033EED3;
			remoteInfo = Demo1;
		};
		93E4D8D220EB7B130033EED3 /* PBXContainerItemProxy */ = {
			isa = PBXContainerItemProxy;
			containerPortal = 93E4D83820EB6DBE0033EED3 /* Project object */;
			proxyType = 1;
			remoteGlobalIDString = 93E4D8AE20EB7B110033EED3;
			remoteInfo = Demo1;
		};
/* End PBXContainerItemProxy section */

/* Begin PBXFileReference section */
		93E4D84020EB6DBE0033EED3 /* RunLoop.app */ = {isa = PBXFileReference; explicitFileType = wrapper.application; includeInIndex = 0; path = RunLoop.app; sourceTree = BUILT_PRODUCTS_DIR; };
		93E4D84320EB6DBE0033EED3 /* AppDelegate.h */ = {isa = PBXFileReference; lastKnownFileType = sourcecode.c.h; path = AppDelegate.h; sourceTree = "<group>"; };
		93E4D84420EB6DBE0033EED3 /* AppDelegate.m */ = {isa = PBXFileReference; lastKnownFileType = sourcecode.c.objc; path = AppDelegate.m; sourceTree = "<group>"; };
		93E4D84620EB6DBE0033EED3 /* ViewController.h */ = {isa = PBXFileReference; lastKnownFileType = sourcecode.c.h; path = ViewController.h; sourceTree = "<group>"; };
		93E4D84720EB6DBE0033EED3 /* ViewController.m */ = {isa = PBXFileReference; lastKnownFileType = sourcecode.c.objc; path = ViewController.m; sourceTree = "<group>"; };
		93E4D84A20EB6DBE0033EED3 /* Base */ = {isa = PBXFileReference; lastKnownFileType = file.storyboard; name = Base; path = Base.lproj/Main.storyboard; sourceTree = "<group>"; };
		93E4D84C20EB6DC10033EED3 /* Assets.xcassets */ = {isa = PBXFileReference; lastKnownFileType = folder.assetcatalog; path = Assets.xcassets; sourceTree = "<group>"; };
		93E4D84F20EB6DC10033EED3 /* Base */ = {isa = PBXFileReference; lastKnownFileType = file.storyboard; name = Base; path = Base.lproj/LaunchScreen.storyboard; sourceTree = "<group>"; };
		93E4D85120EB6DC10033EED3 /* Info.plist */ = {isa = PBXFileReference; lastKnownFileType = text.plist.xml; path = Info.plist; sourceTree = "<group>"; };
		93E4D85220EB6DC10033EED3 /* main.m */ = {isa = PBXFileReference; lastKnownFileType = sourcecode.c.objc; path = main.m; sourceTree = "<group>"; };
		93E4D85820EB6DC10033EED3 /* RunLoopTests.xctest */ = {isa = PBXFileReference; explicitFileType = wrapper.cfbundle; includeInIndex = 0; path = RunLoopTests.xctest; sourceTree = BUILT_PRODUCTS_DIR; };
		93E4D85C20EB6DC10033EED3 /* RunLoopTests.m */ = {isa = PBXFileReference; lastKnownFileType = sourcecode.c.objc; path = RunLoopTests.m; sourceTree = "<group>"; };
		93E4D85E20EB6DC10033EED3 /* Info.plist */ = {isa = PBXFileReference; lastKnownFileType = text.plist.xml; path = Info.plist; sourceTree = "<group>"; };
		93E4D86320EB6DC10033EED3 /* RunLoopUITests.xctest */ = {isa = PBXFileReference; explicitFileType = wrapper.cfbundle; includeInIndex = 0; path = RunLoopUITests.xctest; sourceTree = BUILT_PRODUCTS_DIR; };
		93E4D86720EB6DC10033EED3 /* RunLoopUITests.m */ = {isa = PBXFileReference; lastKnownFileType = sourcecode.c.objc; path = RunLoopUITests.m; sourceTree = "<group>"; };
		93E4D86920EB6DC10033EED3 /* Info.plist */ = {isa = PBXFileReference; lastKnownFileType = text.plist.xml; path = Info.plist; sourceTree = "<group>"; };
		93E4D87920EB7AC30033EED3 /* Demo1(crash).app */ = {isa = PBXFileReference; explicitFileType = wrapper.application; includeInIndex = 0; path = "Demo1(crash).app"; sourceTree = BUILT_PRODUCTS_DIR; };
		93E4D89020EB7AC50033EED3 /* Demo1(crash)Tests.xctest */ = {isa = PBXFileReference; explicitFileType = wrapper.cfbundle; includeInIndex = 0; path = "Demo1(crash)Tests.xctest"; sourceTree = BUILT_PRODUCTS_DIR; };
		93E4D89B20EB7AC50033EED3 /* Demo1(crash)UITests.xctest */ = {isa = PBXFileReference; explicitFileType = wrapper.cfbundle; includeInIndex = 0; path = "Demo1(crash)UITests.xctest"; sourceTree = BUILT_PRODUCTS_DIR; };
		93E4D8AF20EB7B110033EED3 /* Demo1.app */ = {isa = PBXFileReference; explicitFileType = wrapper.application; includeInIndex = 0; path = Demo1.app; sourceTree = BUILT_PRODUCTS_DIR; };
		93E4D8B120EB7B110033EED3 /* AppDelegate.h */ = {isa = PBXFileReference; lastKnownFileType = sourcecode.c.h; path = AppDelegate.h; sourceTree = "<group>"; };
		93E4D8B220EB7B110033EED3 /* AppDelegate.m */ = {isa = PBXFileReference; lastKnownFileType = sourcecode.c.objc; path = AppDelegate.m; sourceTree = "<group>"; };
		93E4D8B420EB7B110033EED3 /* ViewController.h */ = {isa = PBXFileReference; lastKnownFileType = sourcecode.c.h; path = ViewController.h; sourceTree = "<group>"; };
		93E4D8B520EB7B110033EED3 /* ViewController.m */ = {isa = PBXFileReference; lastKnownFileType = sourcecode.c.objc; path = ViewController.m; sourceTree = "<group>"; };
		93E4D8B820EB7B110033EED3 /* Base */ = {isa = PBXFileReference; lastKnownFileType = file.storyboard; name = Base; path = Base.lproj/Main.storyboard; sourceTree = "<group>"; };
		93E4D8BA20EB7B130033EED3 /* Assets.xcassets */ = {isa = PBXFileReference; lastKnownFileType = folder.assetcatalog; path = Assets.xcassets; sourceTree = "<group>"; };
		93E4D8BD20EB7B130033EED3 /* Base */ = {isa = PBXFileReference; lastKnownFileType = file.storyboard; name = Base; path = Base.lproj/LaunchScreen.storyboard; sourceTree = "<group>"; };
		93E4D8BF20EB7B130033EED3 /* Info.plist */ = {isa = PBXFileReference; lastKnownFileType = text.plist.xml; path = Info.plist; sourceTree = "<group>"; };
		93E4D8C020EB7B130033EED3 /* main.m */ = {isa = PBXFileReference; lastKnownFileType = sourcecode.c.objc; path = main.m; sourceTree = "<group>"; };
		93E4D8C620EB7B130033EED3 /* Demo1Tests.xctest */ = {isa = PBXFileReference; explicitFileType = wrapper.cfbundle; includeInIndex = 0; path = Demo1Tests.xctest; sourceTree = BUILT_PRODUCTS_DIR; };
		93E4D8CA20EB7B130033EED3 /* Demo1Tests.m */ = {isa = PBXFileReference; lastKnownFileType = sourcecode.c.objc; path = Demo1Tests.m; sourceTree = "<group>"; };
		93E4D8CC20EB7B130033EED3 /* Info.plist */ = {isa = PBXFileReference; lastKnownFileType = text.plist.xml; path = Info.plist; sourceTree = "<group>"; };
		93E4D8D120EB7B130033EED3 /* Demo1UITests.xctest */ = {isa = PBXFileReference; explicitFileType = wrapper.cfbundle; includeInIndex = 0; path = Demo1UITests.xctest; sourceTree = BUILT_PRODUCTS_DIR; };
		93E4D8D520EB7B130033EED3 /* Demo1UITests.m */ = {isa = PBXFileReference; lastKnownFileType = sourcecode.c.objc; path = Demo1UITests.m; sourceTree = "<group>"; };
		93E4D8D720EB7B130033EED3 /* Info.plist */ = {isa = PBXFileReference; lastKnownFileType = text.plist.xml; path = Info.plist; sourceTree = "<group>"; };
		93E4D8E420EB7C540033EED3 /* CrashHandler.m */ = {isa = PBXFileReference; fileEncoding = 4; lastKnownFileType = sourcecode.c.objc; path = CrashHandler.m; sourceTree = "<group>"; };
		93E4D8E520EB7C550033EED3 /* CrashHandler.h */ = {isa = PBXFileReference; fileEncoding = 4; lastKnownFileType = sourcecode.c.h; path = CrashHandler.h; sourceTree = "<group>"; };
/* End PBXFileReference section */

/* Begin PBXFrameworksBuildPhase section */
		93E4D83D20EB6DBE0033EED3 /* Frameworks */ = {
			isa = PBXFrameworksBuildPhase;
			buildActionMask = 2147483647;
			files = (
			);
			runOnlyForDeploymentPostprocessing = 0;
		};
		93E4D85520EB6DC10033EED3 /* Frameworks */ = {
			isa = PBXFrameworksBuildPhase;
			buildActionMask = 2147483647;
			files = (
			);
			runOnlyForDeploymentPostprocessing = 0;
		};
		93E4D86020EB6DC10033EED3 /* Frameworks */ = {
			isa = PBXFrameworksBuildPhase;
			buildActionMask = 2147483647;
			files = (
			);
			runOnlyForDeploymentPostprocessing = 0;
		};
		93E4D87620EB7AC30033EED3 /* Frameworks */ = {
			isa = PBXFrameworksBuildPhase;
			buildActionMask = 2147483647;
			files = (
			);
			runOnlyForDeploymentPostprocessing = 0;
		};
		93E4D88D20EB7AC50033EED3 /* Frameworks */ = {
			isa = PBXFrameworksBuildPhase;
			buildActionMask = 2147483647;
			files = (
			);
			runOnlyForDeploymentPostprocessing = 0;
		};
		93E4D89820EB7AC50033EED3 /* Frameworks */ = {
			isa = PBXFrameworksBuildPhase;
			buildActionMask = 2147483647;
			files = (
			);
			runOnlyForDeploymentPostprocessing = 0;
		};
		93E4D8AC20EB7B110033EED3 /* Frameworks */ = {
			isa = PBXFrameworksBuildPhase;
			buildActionMask = 2147483647;
			files = (
			);
			runOnlyForDeploymentPostprocessing = 0;
		};
		93E4D8C320EB7B130033EED3 /* Frameworks */ = {
			isa = PBXFrameworksBuildPhase;
			buildActionMask = 2147483647;
			files = (
			);
			runOnlyForDeploymentPostprocessing = 0;
		};
		93E4D8CE20EB7B130033EED3 /* Frameworks */ = {
			isa = PBXFrameworksBuildPhase;
			buildActionMask = 2147483647;
			files = (
			);
			runOnlyForDeploymentPostprocessing = 0;
		};
/* End PBXFrameworksBuildPhase section */

/* Begin PBXGroup section */
		93E4D83720EB6DBE0033EED3 = {
			isa = PBXGroup;
			children = (
				93E4D84220EB6DBE0033EED3 /* RunLoop */,
				93E4D85B20EB6DC10033EED3 /* RunLoopTests */,
				93E4D86620EB6DC10033EED3 /* RunLoopUITests */,
				93E4D8B020EB7B110033EED3 /* Demo1 */,
				93E4D8C920EB7B130033EED3 /* Demo1Tests */,
				93E4D8D420EB7B130033EED3 /* Demo1UITests */,
				93E4D84120EB6DBE0033EED3 /* Products */,
			);
			sourceTree = "<group>";
		};
		93E4D84120EB6DBE0033EED3 /* Products */ = {
			isa = PBXGroup;
			children = (
				93E4D84020EB6DBE0033EED3 /* RunLoop.app */,
				93E4D85820EB6DC10033EED3 /* RunLoopTests.xctest */,
				93E4D86320EB6DC10033EED3 /* RunLoopUITests.xctest */,
				93E4D87920EB7AC30033EED3 /* Demo1(crash).app */,
				93E4D89020EB7AC50033EED3 /* Demo1(crash)Tests.xctest */,
				93E4D89B20EB7AC50033EED3 /* Demo1(crash)UITests.xctest */,
				93E4D8AF20EB7B110033EED3 /* Demo1.app */,
				93E4D8C620EB7B130033EED3 /* Demo1Tests.xctest */,
				93E4D8D120EB7B130033EED3 /* Demo1UITests.xctest */,
			);
			name = Products;
			sourceTree = "<group>";
		};
		93E4D84220EB6DBE0033EED3 /* RunLoop */ = {
			isa = PBXGroup;
			children = (
				93E4D84320EB6DBE0033EED3 /* AppDelegate.h */,
				93E4D84420EB6DBE0033EED3 /* AppDelegate.m */,
				93E4D84620EB6DBE0033EED3 /* ViewController.h */,
				93E4D84720EB6DBE0033EED3 /* ViewController.m */,
				93E4D84920EB6DBE0033EED3 /* Main.storyboard */,
				93E4D84C20EB6DC10033EED3 /* Assets.xcassets */,
				93E4D84E20EB6DC10033EED3 /* LaunchScreen.storyboard */,
				93E4D85120EB6DC10033EED3 /* Info.plist */,
				93E4D85220EB6DC10033EED3 /* main.m */,
			);
			path = RunLoop;
			sourceTree = "<group>";
		};
		93E4D85B20EB6DC10033EED3 /* RunLoopTests */ = {
			isa = PBXGroup;
			children = (
				93E4D85C20EB6DC10033EED3 /* RunLoopTests.m */,
				93E4D85E20EB6DC10033EED3 /* Info.plist */,
			);
			path = RunLoopTests;
			sourceTree = "<group>";
		};
		93E4D86620EB6DC10033EED3 /* RunLoopUITests */ = {
			isa = PBXGroup;
			children = (
				93E4D86720EB6DC10033EED3 /* RunLoopUITests.m */,
				93E4D86920EB6DC10033EED3 /* Info.plist */,
			);
			path = RunLoopUITests;
			sourceTree = "<group>";
		};
		93E4D8B020EB7B110033EED3 /* Demo1 */ = {
			isa = PBXGroup;
			children = (
				93E4D8B120EB7B110033EED3 /* AppDelegate.h */,
				93E4D8B220EB7B110033EED3 /* AppDelegate.m */,
				93E4D8B420EB7B110033EED3 /* ViewController.h */,
				93E4D8B520EB7B110033EED3 /* ViewController.m */,
				93E4D8E520EB7C550033EED3 /* CrashHandler.h */,
				93E4D8E420EB7C540033EED3 /* CrashHandler.m */,
				93E4D8B720EB7B110033EED3 /* Main.storyboard */,
				93E4D8BA20EB7B130033EED3 /* Assets.xcassets */,
				93E4D8BC20EB7B130033EED3 /* LaunchScreen.storyboard */,
				93E4D8BF20EB7B130033EED3 /* Info.plist */,
				93E4D8C020EB7B130033EED3 /* main.m */,
			);
			path = Demo1;
			sourceTree = "<group>";
		};
		93E4D8C920EB7B130033EED3 /* Demo1Tests */ = {
			isa = PBXGroup;
			children = (
				93E4D8CA20EB7B130033EED3 /* Demo1Tests.m */,
				93E4D8CC20EB7B130033EED3 /* Info.plist */,
			);
			path = Demo1Tests;
			sourceTree = "<group>";
		};
		93E4D8D420EB7B130033EED3 /* Demo1UITests */ = {
			isa = PBXGroup;
			children = (
				93E4D8D520EB7B130033EED3 /* Demo1UITests.m */,
				93E4D8D720EB7B130033EED3 /* Info.plist */,
			);
			path = Demo1UITests;
			sourceTree = "<group>";
		};
/* End PBXGroup section */

/* Begin PBXNativeTarget section */
		93E4D83F20EB6DBE0033EED3 /* RunLoop */ = {
			isa = PBXNativeTarget;
			buildConfigurationList = 93E4D86C20EB6DC10033EED3 /* Build configuration list for PBXNativeTarget "RunLoop" */;
			buildPhases = (
				93E4D83C20EB6DBE0033EED3 /* Sources */,
				93E4D83D20EB6DBE0033EED3 /* Frameworks */,
				93E4D83E20EB6DBE0033EED3 /* Resources */,
			);
			buildRules = (
			);
			dependencies = (
			);
			name = RunLoop;
			productName = RunLoop;
			productReference = 93E4D84020EB6DBE0033EED3 /* RunLoop.app */;
			productType = "com.apple.product-type.application";
		};
		93E4D85720EB6DC10033EED3 /* RunLoopTests */ = {
			isa = PBXNativeTarget;
			buildConfigurationList = 93E4D86F20EB6DC10033EED3 /* Build configuration list for PBXNativeTarget "RunLoopTests" */;
			buildPhases = (
				93E4D85420EB6DC10033EED3 /* Sources */,
				93E4D85520EB6DC10033EED3 /* Frameworks */,
				93E4D85620EB6DC10033EED3 /* Resources */,
			);
			buildRules = (
			);
			dependencies = (
				93E4D85A20EB6DC10033EED3 /* PBXTargetDependency */,
			);
			name = RunLoopTests;
			productName = RunLoopTests;
			productReference = 93E4D85820EB6DC10033EED3 /* RunLoopTests.xctest */;
			productType = "com.apple.product-type.bundle.unit-test";
		};
		93E4D86220EB6DC10033EED3 /* RunLoopUITests */ = {
			isa = PBXNativeTarget;
			buildConfigurationList = 93E4D87220EB6DC10033EED3 /* Build configuration list for PBXNativeTarget "RunLoopUITests" */;
			buildPhases = (
				93E4D85F20EB6DC10033EED3 /* Sources */,
				93E4D86020EB6DC10033EED3 /* Frameworks */,
				93E4D86120EB6DC10033EED3 /* Resources */,
			);
			buildRules = (
			);
			dependencies = (
				93E4D86520EB6DC10033EED3 /* PBXTargetDependency */,
			);
			name = RunLoopUITests;
			productName = RunLoopUITests;
			productReference = 93E4D86320EB6DC10033EED3 /* RunLoopUITests.xctest */;
			productType = "com.apple.product-type.bundle.ui-testing";
		};
		93E4D87820EB7AC30033EED3 /* Demo1(crash) */ = {
			isa = PBXNativeTarget;
			buildConfigurationList = 93E4D8A220EB7AC50033EED3 /* Build configuration list for PBXNativeTarget "Demo1(crash)" */;
			buildPhases = (
				93E4D87520EB7AC30033EED3 /* Sources */,
				93E4D87620EB7AC30033EED3 /* Frameworks */,
				93E4D87720EB7AC30033EED3 /* Resources */,
			);
			buildRules = (
			);
			dependencies = (
			);
			name = "Demo1(crash)";
			productName = "Demo1(crash)";
			productReference = 93E4D87920EB7AC30033EED3 /* Demo1(crash).app */;
			productType = "com.apple.product-type.application";
		};
		93E4D88F20EB7AC50033EED3 /* Demo1(crash)Tests */ = {
			isa = PBXNativeTarget;
			buildConfigurationList = 93E4D8A520EB7AC50033EED3 /* Build configuration list for PBXNativeTarget "Demo1(crash)Tests" */;
			buildPhases = (
				93E4D88C20EB7AC50033EED3 /* Sources */,
				93E4D88D20EB7AC50033EED3 /* Frameworks */,
				93E4D88E20EB7AC50033EED3 /* Resources */,
			);
			buildRules = (
			);
			dependencies = (
				93E4D89220EB7AC50033EED3 /* PBXTargetDependency */,
			);
			name = "Demo1(crash)Tests";
			productName = "Demo1(crash)Tests";
			productReference = 93E4D89020EB7AC50033EED3 /* Demo1(crash)Tests.xctest */;
			productType = "com.apple.product-type.bundle.unit-test";
		};
		93E4D89A20EB7AC50033EED3 /* Demo1(crash)UITests */ = {
			isa = PBXNativeTarget;
			buildConfigurationList = 93E4D8A820EB7AC50033EED3 /* Build configuration list for PBXNativeTarget "Demo1(crash)UITests" */;
			buildPhases = (
				93E4D89720EB7AC50033EED3 /* Sources */,
				93E4D89820EB7AC50033EED3 /* Frameworks */,
				93E4D89920EB7AC50033EED3 /* Resources */,
			);
			buildRules = (
			);
			dependencies = (
				93E4D89D20EB7AC50033EED3 /* PBXTargetDependency */,
			);
			name = "Demo1(crash)UITests";
			productName = "Demo1(crash)UITests";
			productReference = 93E4D89B20EB7AC50033EED3 /* Demo1(crash)UITests.xctest */;
			productType = "com.apple.product-type.bundle.ui-testing";
		};
		93E4D8AE20EB7B110033EED3 /* Demo1 */ = {
			isa = PBXNativeTarget;
			buildConfigurationList = 93E4D8D820EB7B130033EED3 /* Build configuration list for PBXNativeTarget "Demo1" */;
			buildPhases = (
				93E4D8AB20EB7B110033EED3 /* Sources */,
				93E4D8AC20EB7B110033EED3 /* Frameworks */,
				93E4D8AD20EB7B110033EED3 /* Resources */,
			);
			buildRules = (
			);
			dependencies = (
			);
			name = Demo1;
			productName = Demo1;
			productReference = 93E4D8AF20EB7B110033EED3 /* Demo1.app */;
			productType = "com.apple.product-type.application";
		};
		93E4D8C520EB7B130033EED3 /* Demo1Tests */ = {
			isa = PBXNativeTarget;
			buildConfigurationList = 93E4D8DB20EB7B130033EED3 /* Build configuration list for PBXNativeTarget "Demo1Tests" */;
			buildPhases = (
				93E4D8C220EB7B130033EED3 /* Sources */,
				93E4D8C320EB7B130033EED3 /* Frameworks */,
				93E4D8C420EB7B130033EED3 /* Resources */,
			);
			buildRules = (
			);
			dependencies = (
				93E4D8C820EB7B130033EED3 /* PBXTargetDependency */,
			);
			name = Demo1Tests;
			productName = Demo1Tests;
			productReference = 93E4D8C620EB7B130033EED3 /* Demo1Tests.xctest */;
			productType = "com.apple.product-type.bundle.unit-test";
		};
		93E4D8D020EB7B130033EED3 /* Demo1UITests */ = {
			isa = PBXNativeTarget;
			buildConfigurationList = 93E4D8DE20EB7B130033EED3 /* Build configuration list for PBXNativeTarget "Demo1UITests" */;
			buildPhases = (
				93E4D8CD20EB7B130033EED3 /* Sources */,
				93E4D8CE20EB7B130033EED3 /* Frameworks */,
				93E4D8CF20EB7B130033EED3 /* Resources */,
			);
			buildRules = (
			);
			dependencies = (
				93E4D8D320EB7B130033EED3 /* PBXTargetDependency */,
			);
			name = Demo1UITests;
			productName = Demo1UITests;
			productReference = 93E4D8D120EB7B130033EED3 /* Demo1UITests.xctest */;
			productType = "com.apple.product-type.bundle.ui-testing";
		};
/* End PBXNativeTarget section */

/* Begin PBXProject section */
		93E4D83820EB6DBE0033EED3 /* Project object */ = {
			isa = PBXProject;
			attributes = {
				LastUpgradeCheck = 0930;
				ORGANIZATIONNAME = ru;
				TargetAttributes = {
					93E4D83F20EB6DBE0033EED3 = {
						CreatedOnToolsVersion = 9.3;
					};
					93E4D85720EB6DC10033EED3 = {
						CreatedOnToolsVersion = 9.3;
						TestTargetID = 93E4D83F20EB6DBE0033EED3;
					};
					93E4D86220EB6DC10033EED3 = {
						CreatedOnToolsVersion = 9.3;
						TestTargetID = 93E4D83F20EB6DBE0033EED3;
					};
					93E4D87820EB7AC30033EED3 = {
						CreatedOnToolsVersion = 9.3;
					};
					93E4D88F20EB7AC50033EED3 = {
						CreatedOnToolsVersion = 9.3;
						TestTargetID = 93E4D87820EB7AC30033EED3;
					};
					93E4D89A20EB7AC50033EED3 = {
						CreatedOnToolsVersion = 9.3;
						TestTargetID = 93E4D87820EB7AC30033EED3;
					};
					93E4D8AE20EB7B110033EED3 = {
						CreatedOnToolsVersion = 9.3;
					};
					93E4D8C520EB7B130033EED3 = {
						CreatedOnToolsVersion = 9.3;
						TestTargetID = 93E4D8AE20EB7B110033EED3;
					};
					93E4D8D020EB7B130033EED3 = {
						CreatedOnToolsVersion = 9.3;
						TestTargetID = 93E4D8AE20EB7B110033EED3;
					};
				};
			};
			buildConfigurationList = 93E4D83B20EB6DBE0033EED3 /* Build configuration list for PBXProject "RunLoop" */;
			compatibilityVersion = "Xcode 9.3";
			developmentRegion = en;
			hasScannedForEncodings = 0;
			knownRegions = (
				en,
				Base,
			);
			mainGroup = 93E4D83720EB6DBE0033EED3;
			productRefGroup = 93E4D84120EB6DBE0033EED3 /* Products */;
			projectDirPath = "";
			projectRoot = "";
			targets = (
				93E4D83F20EB6DBE0033EED3 /* RunLoop */,
				93E4D85720EB6DC10033EED3 /* RunLoopTests */,
				93E4D86220EB6DC10033EED3 /* RunLoopUITests */,
				93E4D87820EB7AC30033EED3 /* Demo1(crash) */,
				93E4D88F20EB7AC50033EED3 /* Demo1(crash)Tests */,
				93E4D89A20EB7AC50033EED3 /* Demo1(crash)UITests */,
				93E4D8AE20EB7B110033EED3 /* Demo1 */,
				93E4D8C520EB7B130033EED3 /* Demo1Tests */,
				93E4D8D020EB7B130033EED3 /* Demo1UITests */,
			);
		};
/* End PBXProject section */

/* Begin PBXResourcesBuildPhase section */
		93E4D83E20EB6DBE0033EED3 /* Resources */ = {
			isa = PBXResourcesBuildPhase;
			buildActionMask = 2147483647;
			files = (
				93E4D85020EB6DC10033EED3 /* LaunchScreen.storyboard in Resources */,
				93E4D84D20EB6DC10033EED3 /* Assets.xcassets in Resources */,
				93E4D84B20EB6DBE0033EED3 /* Main.storyboard in Resources */,
			);
			runOnlyForDeploymentPostprocessing = 0;
		};
		93E4D85620EB6DC10033EED3 /* Resources */ = {
			isa = PBXResourcesBuildPhase;
			buildActionMask = 2147483647;
			files = (
			);
			runOnlyForDeploymentPostprocessing = 0;
		};
		93E4D86120EB6DC10033EED3 /* Resources */ = {
			isa = PBXResourcesBuildPhase;
			buildActionMask = 2147483647;
			files = (
			);
			runOnlyForDeploymentPostprocessing = 0;
		};
		93E4D87720EB7AC30033EED3 /* Resources */ = {
			isa = PBXResourcesBuildPhase;
			buildActionMask = 2147483647;
			files = (
			);
			runOnlyForDeploymentPostprocessing = 0;
		};
		93E4D88E20EB7AC50033EED3 /* Resources */ = {
			isa = PBXResourcesBuildPhase;
			buildActionMask = 2147483647;
			files = (
			);
			runOnlyForDeploymentPostprocessing = 0;
		};
		93E4D89920EB7AC50033EED3 /* Resources */ = {
			isa = PBXResourcesBuildPhase;
			buildActionMask = 2147483647;
			files = (
			);
			runOnlyForDeploymentPostprocessing = 0;
		};
		93E4D8AD20EB7B110033EED3 /* Resources */ = {
			isa = PBXResourcesBuildPhase;
			buildActionMask = 2147483647;
			files = (
				93E4D8BE20EB7B130033EED3 /* LaunchScreen.storyboard in Resources */,
				93E4D8BB20EB7B130033EED3 /* Assets.xcassets in Resources */,
				93E4D8B920EB7B110033EED3 /* Main.storyboard in Resources */,
			);
			runOnlyForDeploymentPostprocessing = 0;
		};
		93E4D8C420EB7B130033EED3 /* Resources */ = {
			isa = PBXResourcesBuildPhase;
			buildActionMask = 2147483647;
			files = (
			);
			runOnlyForDeploymentPostprocessing = 0;
		};
		93E4D8CF20EB7B130033EED3 /* Resources */ = {
			isa = PBXResourcesBuildPhase;
			buildActionMask = 2147483647;
			files = (
			);
			runOnlyForDeploymentPostprocessing = 0;
		};
/* End PBXResourcesBuildPhase section */

/* Begin PBXSourcesBuildPhase section */
		93E4D83C20EB6DBE0033EED3 /* Sources */ = {
			isa = PBXSourcesBuildPhase;
			buildActionMask = 2147483647;
			files = (
				93E4D84820EB6DBE0033EED3 /* ViewController.m in Sources */,
				93E4D85320EB6DC10033EED3 /* main.m in Sources */,
				93E4D84520EB6DBE0033EED3 /* AppDelegate.m in Sources */,
			);
			runOnlyForDeploymentPostprocessing = 0;
		};
		93E4D85420EB6DC10033EED3 /* Sources */ = {
			isa = PBXSourcesBuildPhase;
			buildActionMask = 2147483647;
			files = (
				93E4D85D20EB6DC10033EED3 /* RunLoopTests.m in Sources */,
			);
			runOnlyForDeploymentPostprocessing = 0;
		};
		93E4D85F20EB6DC10033EED3 /* Sources */ = {
			isa = PBXSourcesBuildPhase;
			buildActionMask = 2147483647;
			files = (
				93E4D86820EB6DC10033EED3 /* RunLoopUITests.m in Sources */,
			);
			runOnlyForDeploymentPostprocessing = 0;
		};
		93E4D87520EB7AC30033EED3 /* Sources */ = {
			isa = PBXSourcesBuildPhase;
			buildActionMask = 2147483647;
			files = (
			);
			runOnlyForDeploymentPostprocessing = 0;
		};
		93E4D88C20EB7AC50033EED3 /* Sources */ = {
			isa = PBXSourcesBuildPhase;
			buildActionMask = 2147483647;
			files = (
			);
			runOnlyForDeploymentPostprocessing = 0;
		};
		93E4D89720EB7AC50033EED3 /* Sources */ = {
			isa = PBXSourcesBuildPhase;
			buildActionMask = 2147483647;
			files = (
			);
			runOnlyForDeploymentPostprocessing = 0;
		};
		93E4D8AB20EB7B110033EED3 /* Sources */ = {
			isa = PBXSourcesBuildPhase;
			buildActionMask = 2147483647;
			files = (
				93E4D8E620EB7C550033EED3 /* CrashHandler.m in Sources */,
				93E4D8B620EB7B110033EED3 /* ViewController.m in Sources */,
				93E4D8C120EB7B130033EED3 /* main.m in Sources */,
				93E4D8B320EB7B110033EED3 /* AppDelegate.m in Sources */,
			);
			runOnlyForDeploymentPostprocessing = 0;
		};
		93E4D8C220EB7B130033EED3 /* Sources */ = {
			isa = PBXSourcesBuildPhase;
			buildActionMask = 2147483647;
			files = (
				93E4D8CB20EB7B130033EED3 /* Demo1Tests.m in Sources */,
			);
			runOnlyForDeploymentPostprocessing = 0;
		};
		93E4D8CD20EB7B130033EED3 /* Sources */ = {
			isa = PBXSourcesBuildPhase;
			buildActionMask = 2147483647;
			files = (
				93E4D8D620EB7B130033EED3 /* Demo1UITests.m in Sources */,
			);
			runOnlyForDeploymentPostprocessing = 0;
		};
/* End PBXSourcesBuildPhase section */

/* Begin PBXTargetDependency section */
		93E4D85A20EB6DC10033EED3 /* PBXTargetDependency */ = {
			isa = PBXTargetDependency;
			target = 93E4D83F20EB6DBE0033EED3 /* RunLoop */;
			targetProxy = 93E4D85920EB6DC10033EED3 /* PBXContainerItemProxy */;
		};
		93E4D86520EB6DC10033EED3 /* PBXTargetDependency */ = {
			isa = PBXTargetDependency;
			target = 93E4D83F20EB6DBE0033EED3 /* RunLoop */;
			targetProxy = 93E4D86420EB6DC10033EED3 /* PBXContainerItemProxy */;
		};
		93E4D89220EB7AC50033EED3 /* PBXTargetDependency */ = {
			isa = PBXTargetDependency;
			target = 93E4D87820EB7AC30033EED3 /* Demo1(crash) */;
			targetProxy = 93E4D89120EB7AC50033EED3 /* PBXContainerItemProxy */;
		};
		93E4D89D20EB7AC50033EED3 /* PBXTargetDependency */ = {
			isa = PBXTargetDependency;
			target = 93E4D87820EB7AC30033EED3 /* Demo1(crash) */;
			targetProxy = 93E4D89C20EB7AC50033EED3 /* PBXContainerItemProxy */;
		};
		93E4D8C820EB7B130033EED3 /* PBXTargetDependency */ = {
			isa = PBXTargetDependency;
			target = 93E4D8AE20EB7B110033EED3 /* Demo1 */;
			targetProxy = 93E4D8C720EB7B130033EED3 /* PBXContainerItemProxy */;
		};
		93E4D8D320EB7B130033EED3 /* PBXTargetDependency */ = {
			isa = PBXTargetDependency;
			target = 93E4D8AE20EB7B110033EED3 /* Demo1 */;
			targetProxy = 93E4D8D220EB7B130033EED3 /* PBXContainerItemProxy */;
		};
/* End PBXTargetDependency section */

/* Begin PBXVariantGroup section */
		93E4D84920EB6DBE0033EED3 /* Main.storyboard */ = {
			isa = PBXVariantGroup;
			children = (
				93E4D84A20EB6DBE0033EED3 /* Base */,
			);
			name = Main.storyboard;
			sourceTree = "<group>";
		};
		93E4D84E20EB6DC10033EED3 /* LaunchScreen.storyboard */ = {
			isa = PBXVariantGroup;
			children = (
				93E4D84F20EB6DC10033EED3 /* Base */,
			);
			name = LaunchScreen.storyboard;
			sourceTree = "<group>";
		};
		93E4D8B720EB7B110033EED3 /* Main.storyboard */ = {
			isa = PBXVariantGroup;
			children = (
				93E4D8B820EB7B110033EED3 /* Base */,
			);
			name = Main.storyboard;
			sourceTree = "<group>";
		};
		93E4D8BC20EB7B130033EED3 /* LaunchScreen.storyboard */ = {
			isa = PBXVariantGroup;
			children = (
				93E4D8BD20EB7B130033EED3 /* Base */,
			);
			name = LaunchScreen.storyboard;
			sourceTree = "<group>";
		};
/* End PBXVariantGroup section */

/* Begin XCBuildConfiguration section */
		93E4D86A20EB6DC10033EED3 /* Debug */ = {
			isa = XCBuildConfiguration;
			buildSettings = {
				ALWAYS_SEARCH_USER_PATHS = NO;
				CLANG_ANALYZER_NONNULL = YES;
				CLANG_ANALYZER_NUMBER_OBJECT_CONVERSION = YES_AGGRESSIVE;
				CLANG_CXX_LANGUAGE_STANDARD = "gnu++14";
				CLANG_CXX_LIBRARY = "libc++";
				CLANG_ENABLE_MODULES = YES;
				CLANG_ENABLE_OBJC_ARC = YES;
				CLANG_ENABLE_OBJC_WEAK = YES;
				CLANG_WARN_BLOCK_CAPTURE_AUTORELEASING = YES;
				CLANG_WARN_BOOL_CONVERSION = YES;
				CLANG_WARN_COMMA = YES;
				CLANG_WARN_CONSTANT_CONVERSION = YES;
				CLANG_WARN_DEPRECATED_OBJC_IMPLEMENTATIONS = YES;
				CLANG_WARN_DIRECT_OBJC_ISA_USAGE = YES_ERROR;
				CLANG_WARN_DOCUMENTATION_COMMENTS = YES;
				CLANG_WARN_EMPTY_BODY = YES;
				CLANG_WARN_ENUM_CONVERSION = YES;
				CLANG_WARN_INFINITE_RECURSION = YES;
				CLANG_WARN_INT_CONVERSION = YES;
				CLANG_WARN_NON_LITERAL_NULL_CONVERSION = YES;
				CLANG_WARN_OBJC_IMPLICIT_RETAIN_SELF = YES;
				CLANG_WARN_OBJC_LITERAL_CONVERSION = YES;
				CLANG_WARN_OBJC_ROOT_CLASS = YES_ERROR;
				CLANG_WARN_RANGE_LOOP_ANALYSIS = YES;
				CLANG_WARN_STRICT_PROTOTYPES = YES;
				CLANG_WARN_SUSPICIOUS_MOVE = YES;
				CLANG_WARN_UNGUARDED_AVAILABILITY = YES_AGGRESSIVE;
				CLANG_WARN_UNREACHABLE_CODE = YES;
				CLANG_WARN__DUPLICATE_METHOD_MATCH = YES;
				CODE_SIGN_IDENTITY = "iPhone Developer";
				COPY_PHASE_STRIP = NO;
				DEBUG_INFORMATION_FORMAT = dwarf;
				ENABLE_STRICT_OBJC_MSGSEND = YES;
				ENABLE_TESTABILITY = YES;
				GCC_C_LANGUAGE_STANDARD = gnu11;
				GCC_DYNAMIC_NO_PIC = NO;
				GCC_NO_COMMON_BLOCKS = YES;
				GCC_OPTIMIZATION_LEVEL = 0;
				GCC_PREPROCESSOR_DEFINITIONS = (
					"DEBUG=1",
					"$(inherited)",
				);
				GCC_WARN_64_TO_32_BIT_CONVERSION = YES;
				GCC_WARN_ABOUT_RETURN_TYPE = YES_ERROR;
				GCC_WARN_UNDECLARED_SELECTOR = YES;
				GCC_WARN_UNINITIALIZED_AUTOS = YES_AGGRESSIVE;
				GCC_WARN_UNUSED_FUNCTION = YES;
				GCC_WARN_UNUSED_VARIABLE = YES;
				IPHONEOS_DEPLOYMENT_TARGET = 11.3;
				MTL_ENABLE_DEBUG_INFO = YES;
				ONLY_ACTIVE_ARCH = YES;
				SDKROOT = iphoneos;
			};
			name = Debug;
		};
		93E4D86B20EB6DC10033EED3 /* Release */ = {
			isa = XCBuildConfiguration;
			buildSettings = {
				ALWAYS_SEARCH_USER_PATHS = NO;
				CLANG_ANALYZER_NONNULL = YES;
				CLANG_ANALYZER_NUMBER_OBJECT_CONVERSION = YES_AGGRESSIVE;
				CLANG_CXX_LANGUAGE_STANDARD = "gnu++14";
				CLANG_CXX_LIBRARY = "libc++";
				CLANG_ENABLE_MODULES = YES;
				CLANG_ENABLE_OBJC_ARC = YES;
				CLANG_ENABLE_OBJC_WEAK = YES;
				CLANG_WARN_BLOCK_CAPTURE_AUTORELEASING = YES;
				CLANG_WARN_BOOL_CONVERSION = YES;
				CLANG_WARN_COMMA = YES;
				CLANG_WARN_CONSTANT_CONVERSION = YES;
				CLANG_WARN_DEPRECATED_OBJC_IMPLEMENTATIONS = YES;
				CLANG_WARN_DIRECT_OBJC_ISA_USAGE = YES_ERROR;
				CLANG_WARN_DOCUMENTATION_COMMENTS = YES;
				CLANG_WARN_EMPTY_BODY = YES;
				CLANG_WARN_ENUM_CONVERSION = YES;
				CLANG_WARN_INFINITE_RECURSION = YES;
				CLANG_WARN_INT_CONVERSION = YES;
				CLANG_WARN_NON_LITERAL_NULL_CONVERSION = YES;
				CLANG_WARN_OBJC_IMPLICIT_RETAIN_SELF = YES;
				CLANG_WARN_OBJC_LITERAL_CONVERSION = YES;
				CLANG_WARN_OBJC_ROOT_CLASS = YES_ERROR;
				CLANG_WARN_RANGE_LOOP_ANALYSIS = YES;
				CLANG_WARN_STRICT_PROTOTYPES = YES;
				CLANG_WARN_SUSPICIOUS_MOVE = YES;
				CLANG_WARN_UNGUARDED_AVAILABILITY = YES_AGGRESSIVE;
				CLANG_WARN_UNREACHABLE_CODE = YES;
				CLANG_WARN__DUPLICATE_METHOD_MATCH = YES;
				CODE_SIGN_IDENTITY = "iPhone Developer";
				COPY_PHASE_STRIP = NO;
				DEBUG_INFORMATION_FORMAT = "dwarf-with-dsym";
				ENABLE_NS_ASSERTIONS = NO;
				ENABLE_STRICT_OBJC_MSGSEND = YES;
				GCC_C_LANGUAGE_STANDARD = gnu11;
				GCC_NO_COMMON_BLOCKS = YES;
				GCC_WARN_64_TO_32_BIT_CONVERSION = YES;
				GCC_WARN_ABOUT_RETURN_TYPE = YES_ERROR;
				GCC_WARN_UNDECLARED_SELECTOR = YES;
				GCC_WARN_UNINITIALIZED_AUTOS = YES_AGGRESSIVE;
				GCC_WARN_UNUSED_FUNCTION = YES;
				GCC_WARN_UNUSED_VARIABLE = YES;
				IPHONEOS_DEPLOYMENT_TARGET = 11.3;
				MTL_ENABLE_DEBUG_INFO = NO;
				SDKROOT = iphoneos;
				VALIDATE_PRODUCT = YES;
			};
			name = Release;
		};
		93E4D86D20EB6DC10033EED3 /* Debug */ = {
			isa = XCBuildConfiguration;
			buildSettings = {
				ASSETCATALOG_COMPILER_APPICON_NAME = AppIcon;
				CODE_SIGN_STYLE = Automatic;
				DEVELOPMENT_TEAM = FUWR58NELT;
				INFOPLIST_FILE = RunLoop/Info.plist;
				LD_RUNPATH_SEARCH_PATHS = (
					"$(inherited)",
					"@executable_path/Frameworks",
				);
				PRODUCT_BUNDLE_IDENTIFIER = JK.RunLoop;
				PRODUCT_NAME = "$(TARGET_NAME)";
				TARGETED_DEVICE_FAMILY = "1,2";
			};
			name = Debug;
		};
		93E4D86E20EB6DC10033EED3 /* Release */ = {
			isa = XCBuildConfiguration;
			buildSettings = {
				ASSETCATALOG_COMPILER_APPICON_NAME = AppIcon;
				CODE_SIGN_STYLE = Automatic;
				DEVELOPMENT_TEAM = FUWR58NELT;
				INFOPLIST_FILE = RunLoop/Info.plist;
				LD_RUNPATH_SEARCH_PATHS = (
					"$(inherited)",
					"@executable_path/Frameworks",
				);
				PRODUCT_BUNDLE_IDENTIFIER = JK.RunLoop;
				PRODUCT_NAME = "$(TARGET_NAME)";
				TARGETED_DEVICE_FAMILY = "1,2";
			};
			name = Release;
		};
		93E4D87020EB6DC10033EED3 /* Debug */ = {
			isa = XCBuildConfiguration;
			buildSettings = {
				BUNDLE_LOADER = "$(TEST_HOST)";
				CODE_SIGN_STYLE = Automatic;
				DEVELOPMENT_TEAM = FUWR58NELT;
				INFOPLIST_FILE = RunLoopTests/Info.plist;
				LD_RUNPATH_SEARCH_PATHS = (
					"$(inherited)",
					"@executable_path/Frameworks",
					"@loader_path/Frameworks",
				);
				PRODUCT_BUNDLE_IDENTIFIER = JK.RunLoopTests;
				PRODUCT_NAME = "$(TARGET_NAME)";
				TARGETED_DEVICE_FAMILY = "1,2";
				TEST_HOST = "$(BUILT_PRODUCTS_DIR)/RunLoop.app/RunLoop";
			};
			name = Debug;
		};
		93E4D87120EB6DC10033EED3 /* Release */ = {
			isa = XCBuildConfiguration;
			buildSettings = {
				BUNDLE_LOADER = "$(TEST_HOST)";
				CODE_SIGN_STYLE = Automatic;
				DEVELOPMENT_TEAM = FUWR58NELT;
				INFOPLIST_FILE = RunLoopTests/Info.plist;
				LD_RUNPATH_SEARCH_PATHS = (
					"$(inherited)",
					"@executable_path/Frameworks",
					"@loader_path/Frameworks",
				);
				PRODUCT_BUNDLE_IDENTIFIER = JK.RunLoopTests;
				PRODUCT_NAME = "$(TARGET_NAME)";
				TARGETED_DEVICE_FAMILY = "1,2";
				TEST_HOST = "$(BUILT_PRODUCTS_DIR)/RunLoop.app/RunLoop";
			};
			name = Release;
		};
		93E4D87320EB6DC10033EED3 /* Debug */ = {
			isa = XCBuildConfiguration;
			buildSettings = {
				CODE_SIGN_STYLE = Automatic;
				DEVELOPMENT_TEAM = FUWR58NELT;
				INFOPLIST_FILE = RunLoopUITests/Info.plist;
				LD_RUNPATH_SEARCH_PATHS = (
					"$(inherited)",
					"@executable_path/Frameworks",
					"@loader_path/Frameworks",
				);
				PRODUCT_BUNDLE_IDENTIFIER = JK.RunLoopUITests;
				PRODUCT_NAME = "$(TARGET_NAME)";
				TARGETED_DEVICE_FAMILY = "1,2";
				TEST_TARGET_NAME = RunLoop;
			};
			name = Debug;
		};
		93E4D87420EB6DC10033EED3 /* Release */ = {
			isa = XCBuildConfiguration;
			buildSettings = {
				CODE_SIGN_STYLE = Automatic;
				DEVELOPMENT_TEAM = FUWR58NELT;
				INFOPLIST_FILE = RunLoopUITests/Info.plist;
				LD_RUNPATH_SEARCH_PATHS = (
					"$(inherited)",
					"@executable_path/Frameworks",
					"@loader_path/Frameworks",
				);
				PRODUCT_BUNDLE_IDENTIFIER = JK.RunLoopUITests;
				PRODUCT_NAME = "$(TARGET_NAME)";
				TARGETED_DEVICE_FAMILY = "1,2";
				TEST_TARGET_NAME = RunLoop;
			};
			name = Release;
		};
		93E4D8A320EB7AC50033EED3 /* Debug */ = {
			isa = XCBuildConfiguration;
			buildSettings = {
				ASSETCATALOG_COMPILER_APPICON_NAME = AppIcon;
				CODE_SIGN_STYLE = Automatic;
				DEVELOPMENT_TEAM = FUWR58NELT;
				INFOPLIST_FILE = "Demo1(crash)/Info.plist";
				LD_RUNPATH_SEARCH_PATHS = (
					"$(inherited)",
					"@executable_path/Frameworks",
				);
				PRODUCT_BUNDLE_IDENTIFIER = "JK.Demo1-crash-";
				PRODUCT_NAME = "$(TARGET_NAME)";
				TARGETED_DEVICE_FAMILY = "1,2";
			};
			name = Debug;
		};
		93E4D8A420EB7AC50033EED3 /* Release */ = {
			isa = XCBuildConfiguration;
			buildSettings = {
				ASSETCATALOG_COMPILER_APPICON_NAME = AppIcon;
				CODE_SIGN_STYLE = Automatic;
				DEVELOPMENT_TEAM = FUWR58NELT;
				INFOPLIST_FILE = "Demo1(crash)/Info.plist";
				LD_RUNPATH_SEARCH_PATHS = (
					"$(inherited)",
					"@executable_path/Frameworks",
				);
				PRODUCT_BUNDLE_IDENTIFIER = "JK.Demo1-crash-";
				PRODUCT_NAME = "$(TARGET_NAME)";
				TARGETED_DEVICE_FAMILY = "1,2";
			};
			name = Release;
		};
		93E4D8A620EB7AC50033EED3 /* Debug */ = {
			isa = XCBuildConfiguration;
			buildSettings = {
				BUNDLE_LOADER = "$(TEST_HOST)";
				CODE_SIGN_STYLE = Automatic;
				DEVELOPMENT_TEAM = FUWR58NELT;
				INFOPLIST_FILE = "Demo1(crash)Tests/Info.plist";
				LD_RUNPATH_SEARCH_PATHS = (
					"$(inherited)",
					"@executable_path/Frameworks",
					"@loader_path/Frameworks",
				);
				PRODUCT_BUNDLE_IDENTIFIER = "JK.Demo1-crash-Tests";
				PRODUCT_NAME = "$(TARGET_NAME)";
				TARGETED_DEVICE_FAMILY = "1,2";
				TEST_HOST = "$(BUILT_PRODUCTS_DIR)/Demo1(crash).app/Demo1(crash)";
			};
			name = Debug;
		};
		93E4D8A720EB7AC50033EED3 /* Release */ = {
			isa = XCBuildConfiguration;
			buildSettings = {
				BUNDLE_LOADER = "$(TEST_HOST)";
				CODE_SIGN_STYLE = Automatic;
				DEVELOPMENT_TEAM = FUWR58NELT;
				INFOPLIST_FILE = "Demo1(crash)Tests/Info.plist";
				LD_RUNPATH_SEARCH_PATHS = (
					"$(inherited)",
					"@executable_path/Frameworks",
					"@loader_path/Frameworks",
				);
				PRODUCT_BUNDLE_IDENTIFIER = "JK.Demo1-crash-Tests";
				PRODUCT_NAME = "$(TARGET_NAME)";
				TARGETED_DEVICE_FAMILY = "1,2";
				TEST_HOST = "$(BUILT_PRODUCTS_DIR)/Demo1(crash).app/Demo1(crash)";
			};
			name = Release;
		};
		93E4D8A920EB7AC50033EED3 /* Debug */ = {
			isa = XCBuildConfiguration;
			buildSettings = {
				CODE_SIGN_STYLE = Automatic;
				DEVELOPMENT_TEAM = FUWR58NELT;
				INFOPLIST_FILE = "Demo1(crash)UITests/Info.plist";
				LD_RUNPATH_SEARCH_PATHS = (
					"$(inherited)",
					"@executable_path/Frameworks",
					"@loader_path/Frameworks",
				);
				PRODUCT_BUNDLE_IDENTIFIER = "JK.Demo1-crash-UITests";
				PRODUCT_NAME = "$(TARGET_NAME)";
				TARGETED_DEVICE_FAMILY = "1,2";
				TEST_TARGET_NAME = "Demo1(crash)";
			};
			name = Debug;
		};
		93E4D8AA20EB7AC50033EED3 /* Release */ = {
			isa = XCBuildConfiguration;
			buildSettings = {
				CODE_SIGN_STYLE = Automatic;
				DEVELOPMENT_TEAM = FUWR58NELT;
				INFOPLIST_FILE = "Demo1(crash)UITests/Info.plist";
				LD_RUNPATH_SEARCH_PATHS = (
					"$(inherited)",
					"@executable_path/Frameworks",
					"@loader_path/Frameworks",
				);
				PRODUCT_BUNDLE_IDENTIFIER = "JK.Demo1-crash-UITests";
				PRODUCT_NAME = "$(TARGET_NAME)";
				TARGETED_DEVICE_FAMILY = "1,2";
				TEST_TARGET_NAME = "Demo1(crash)";
			};
			name = Release;
		};
		93E4D8D920EB7B130033EED3 /* Debug */ = {
			isa = XCBuildConfiguration;
			buildSettings = {
				ASSETCATALOG_COMPILER_APPICON_NAME = AppIcon;
				CODE_SIGN_STYLE = Automatic;
				DEVELOPMENT_TEAM = TQ3NBJ59K2;
				INFOPLIST_FILE = Demo1/Info.plist;
				LD_RUNPATH_SEARCH_PATHS = (
					"$(inherited)",
					"@executable_path/Frameworks",
				);
				PRODUCT_BUNDLE_IDENTIFIER = JK.Demo1;
				PRODUCT_NAME = "$(TARGET_NAME)";
				TARGETED_DEVICE_FAMILY = "1,2";
			};
			name = Debug;
		};
		93E4D8DA20EB7B130033EED3 /* Release */ = {
			isa = XCBuildConfiguration;
			buildSettings = {
				ASSETCATALOG_COMPILER_APPICON_NAME = AppIcon;
				CODE_SIGN_STYLE = Automatic;
				DEVELOPMENT_TEAM = TQ3NBJ59K2;
				INFOPLIST_FILE = Demo1/Info.plist;
				LD_RUNPATH_SEARCH_PATHS = (
					"$(inherited)",
					"@executable_path/Frameworks",
				);
				PRODUCT_BUNDLE_IDENTIFIER = JK.Demo1;
				PRODUCT_NAME = "$(TARGET_NAME)";
				TARGETED_DEVICE_FAMILY = "1,2";
			};
			name = Release;
		};
		93E4D8DC20EB7B130033EED3 /* Debug */ = {
			isa = XCBuildConfiguration;
			buildSettings = {
				BUNDLE_LOADER = "$(TEST_HOST)";
				CODE_SIGN_STYLE = Automatic;
				DEVELOPMENT_TEAM = FUWR58NELT;
				INFOPLIST_FILE = Demo1Tests/Info.plist;
				LD_RUNPATH_SEARCH_PATHS = (
					"$(inherited)",
					"@executable_path/Frameworks",
					"@loader_path/Frameworks",
				);
				PRODUCT_BUNDLE_IDENTIFIER = JK.Demo1Tests;
				PRODUCT_NAME = "$(TARGET_NAME)";
				TARGETED_DEVICE_FAMILY = "1,2";
				TEST_HOST = "$(BUILT_PRODUCTS_DIR)/Demo1.app/Demo1";
			};
			name = Debug;
		};
		93E4D8DD20EB7B130033EED3 /* Release */ = {
			isa = XCBuildConfiguration;
			buildSettings = {
				BUNDLE_LOADER = "$(TEST_HOST)";
				CODE_SIGN_STYLE = Automatic;
				DEVELOPMENT_TEAM = FUWR58NELT;
				INFOPLIST_FILE = Demo1Tests/Info.plist;
				LD_RUNPATH_SEARCH_PATHS = (
					"$(inherited)",
					"@executable_path/Frameworks",
					"@loader_path/Frameworks",
				);
				PRODUCT_BUNDLE_IDENTIFIER = JK.Demo1Tests;
				PRODUCT_NAME = "$(TARGET_NAME)";
				TARGETED_DEVICE_FAMILY = "1,2";
				TEST_HOST = "$(BUILT_PRODUCTS_DIR)/Demo1.app/Demo1";
			};
			name = Release;
		};
		93E4D8DF20EB7B130033EED3 /* Debug */ = {
			isa = XCBuildConfiguration;
			buildSettings = {
				CODE_SIGN_STYLE = Automatic;
				DEVELOPMENT_TEAM = TQ3NBJ59K2;
				INFOPLIST_FILE = Demo1UITests/Info.plist;
				LD_RUNPATH_SEARCH_PATHS = (
					"$(inherited)",
					"@executable_path/Frameworks",
					"@loader_path/Frameworks",
				);
				PRODUCT_BUNDLE_IDENTIFIER = JK.Demo1UITests;
				PRODUCT_NAME = "$(TARGET_NAME)";
				TARGETED_DEVICE_FAMILY = "1,2";
				TEST_TARGET_NAME = Demo1;
			};
			name = Debug;
		};
		93E4D8E020EB7B130033EED3 /* Release */ = {
			isa = XCBuildConfiguration;
			buildSettings = {
				CODE_SIGN_STYLE = Automatic;
				DEVELOPMENT_TEAM = TQ3NBJ59K2;
				INFOPLIST_FILE = Demo1UITests/Info.plist;
				LD_RUNPATH_SEARCH_PATHS = (
					"$(inherited)",
					"@executable_path/Frameworks",
					"@loader_path/Frameworks",
				);
				PRODUCT_BUNDLE_IDENTIFIER = JK.Demo1UITests;
				PRODUCT_NAME = "$(TARGET_NAME)";
				TARGETED_DEVICE_FAMILY = "1,2";
				TEST_TARGET_NAME = Demo1;
			};
			name = Release;
		};
/* End XCBuildConfiguration section */

/* Begin XCConfigurationList section */
		93E4D83B20EB6DBE0033EED3 /* Build configuration list for PBXProject "RunLoop" */ = {
			isa = XCConfigurationList;
			buildConfigurations = (
				93E4D86A20EB6DC10033EED3 /* Debug */,
				93E4D86B20EB6DC10033EED3 /* Release */,
			);
			defaultConfigurationIsVisible = 0;
			defaultConfigurationName = Release;
		};
		93E4D86C20EB6DC10033EED3 /* Build configuration list for PBXNativeTarget "RunLoop" */ = {
			isa = XCConfigurationList;
			buildConfigurations = (
				93E4D86D20EB6DC10033EED3 /* Debug */,
				93E4D86E20EB6DC10033EED3 /* Release */,
			);
			defaultConfigurationIsVisible = 0;
			defaultConfigurationName = Release;
		};
		93E4D86F20EB6DC10033EED3 /* Build configuration list for PBXNativeTarget "RunLoopTests" */ = {
			isa = XCConfigurationList;
			buildConfigurations = (
				93E4D87020EB6DC10033EED3 /* Debug */,
				93E4D87120EB6DC10033EED3 /* Release */,
			);
			defaultConfigurationIsVisible = 0;
			defaultConfigurationName = Release;
		};
		93E4D87220EB6DC10033EED3 /* Build configuration list for PBXNativeTarget "RunLoopUITests" */ = {
			isa = XCConfigurationList;
			buildConfigurations = (
				93E4D87320EB6DC10033EED3 /* Debug */,
				93E4D87420EB6DC10033EED3 /* Release */,
			);
			defaultConfigurationIsVisible = 0;
			defaultConfigurationName = Release;
		};
		93E4D8A220EB7AC50033EED3 /* Build configuration list for PBXNativeTarget "Demo1(crash)" */ = {
			isa = XCConfigurationList;
			buildConfigurations = (
				93E4D8A320EB7AC50033EED3 /* Debug */,
				93E4D8A420EB7AC50033EED3 /* Release */,
			);
			defaultConfigurationIsVisible = 0;
			defaultConfigurationName = Release;
		};
		93E4D8A520EB7AC50033EED3 /* Build configuration list for PBXNativeTarget "Demo1(crash)Tests" */ = {
			isa = XCConfigurationList;
			buildConfigurations = (
				93E4D8A620EB7AC50033EED3 /* Debug */,
				93E4D8A720EB7AC50033EED3 /* Release */,
			);
			defaultConfigurationIsVisible = 0;
			defaultConfigurationName = Release;
		};
		93E4D8A820EB7AC50033EED3 /* Build configuration list for PBXNativeTarget "Demo1(crash)UITests" */ = {
			isa = XCConfigurationList;
			buildConfigurations = (
				93E4D8A920EB7AC50033EED3 /* Debug */,
				93E4D8AA20EB7AC50033EED3 /* Release */,
			);
			defaultConfigurationIsVisible = 0;
			defaultConfigurationName = Release;
		};
		93E4D8D820EB7B130033EED3 /* Build configuration list for PBXNativeTarget "Demo1" */ = {
			isa = XCConfigurationList;
			buildConfigurations = (
				93E4D8D920EB7B130033EED3 /* Debug */,
				93E4D8DA20EB7B130033EED3 /* Release */,
			);
			defaultConfigurationIsVisible = 0;
			defaultConfigurationName = Release;
		};
		93E4D8DB20EB7B130033EED3 /* Build configuration list for PBXNativeTarget "Demo1Tests" */ = {
			isa = XCConfigurationList;
			buildConfigurations = (
				93E4D8DC20EB7B130033EED3 /* Debug */,
				93E4D8DD20EB7B130033EED3 /* Release */,
			);
			defaultConfigurationIsVisible = 0;
			defaultConfigurationName = Release;
		};
		93E4D8DE20EB7B130033EED3 /* Build configuration list for PBXNativeTarget "Demo1UITests" */ = {
			isa = XCConfigurationList;
			buildConfigurations = (
				93E4D8DF20EB7B130033EED3 /* Debug */,
				93E4D8E020EB7B130033EED3 /* Release */,
			);
			defaultConfigurationIsVisible = 0;
			defaultConfigurationName = Release;
		};
/* End XCConfigurationList section */
	};
	rootObject = 93E4D83820EB6DBE0033EED3 /* Project object */;
}
